
Microsoft Visual Studio Solution File, Format Version 12.00
# Visual Studio Version 17
VisualStudioVersion = 17.14.36121.58 d17.14
MinimumVisualStudioVersion = 10.0.40219.1
Project("{FAE04EC0-301F-11D3-BF4B-00C04F79EFBC}") = "Calculator", "Calculator\Calculator.csproj", "{C2F73DA2-2D6B-4226-A97B-534FE138804E}"
EndProject
Global
	GlobalSection(SolutionConfigurationPlatforms) = preSolution
		Debug|Any CPU = Debug|Any CPU
		Release|Any CPU = Release|Any CPU
	EndGlobalSection
	GlobalSection(ProjectConfigurationPlatforms) = postSolution
		{C2F73DA2-2D6B-4226-A97B-534FE138804E}.Debug|Any CPU.ActiveCfg = Debug|Any CPU
		{C2F73DA2-2D6B-4226-A97B-534FE138804E}.Debug|Any CPU.Build.0 = Debug|Any CPU
		{C2F73DA2-2D6B-4226-A97B-534FE138804E}.Release|Any CPU.ActiveCfg = Release|Any CPU
		{C2F73DA2-2D6B-4226-A97B-534FE138804E}.Release|Any CPU.Build.0 = Release|Any CPU
	EndGlobalSection
	GlobalSection(SolutionProperties) = preSolution
		HideSolutionNode = FALSE
	EndGlobalSection
	GlobalSection(ExtensibilityGlobals) = postSolution
		SolutionGuid = {3E0C2FCB-C15D-4B00-BDDB-713C2AF8F95B}
	EndGlobalSection
EndGlobal
